
Microsoft Visual Studio Solution File, Format Version 12.00
# Visual Studio Version 17
VisualStudioVersion = 17.4.33213.308
MinimumVisualStudioVersion = 10.0.40219.1
Project("{FAE04EC0-301F-11D3-BF4B-00C04F79EFBC}") = "LearnBasRazorPageB02", "LearnBasRazorPageB02\LearnBasRazorPageB02.csproj", "{8A1788EC-2E36-43D1-8251-F4435ED6BDBE}"
EndProject
Global
	GlobalSection(SolutionConfigurationPlatforms) = preSolution
		Debug|Any CPU = Debug|Any CPU
		Release|Any CPU = Release|Any CPU
	EndGlobalSection
	GlobalSection(ProjectConfigurationPlatforms) = postSolution
		{8A1788EC-2E36-43D1-8251-F4435ED6BDBE}.Debug|Any CPU.ActiveCfg = Debug|Any CPU
		{8A1788EC-2E36-43D1-8251-F4435ED6BDBE}.Debug|Any CPU.Build.0 = Debug|Any CPU
		{8A1788EC-2E36-43D1-8251-F4435ED6BDBE}.Release|Any CPU.ActiveCfg = Release|Any CPU
		{8A1788EC-2E36-43D1-8251-F4435ED6BDBE}.Release|Any CPU.Build.0 = Release|Any CPU
	EndGlobalSection
	GlobalSection(SolutionProperties) = preSolution
		HideSolutionNode = FALSE
	EndGlobalSection
	GlobalSection(ExtensibilityGlobals) = postSolution
		SolutionGuid = {4DB37B2C-17C7-4E19-9BAB-4312295BE771}
	EndGlobalSection
EndGlobal
