
Microsoft Visual Studio Solution File, Format Version 12.00
# Visual Studio Version 17
VisualStudioVersion = 17.4.33213.308
MinimumVisualStudioVersion = 10.0.40219.1
Project("{FAE04EC0-301F-11D3-BF4B-00C04F79EFBC}") = "LearnNet6ApiUploadFileb01", "LearnNet6ApiUploadFileb01\LearnNet6ApiUploadFileb01.csproj", "{58A2729B-FAC4-48A5-8A47-F714DBE36D8D}"
EndProject
Global
	GlobalSection(SolutionConfigurationPlatforms) = preSolution
		Debug|Any CPU = Debug|Any CPU
		Release|Any CPU = Release|Any CPU
	EndGlobalSection
	GlobalSection(ProjectConfigurationPlatforms) = postSolution
		{58A2729B-FAC4-48A5-8A47-F714DBE36D8D}.Debug|Any CPU.ActiveCfg = Debug|Any CPU
		{58A2729B-FAC4-48A5-8A47-F714DBE36D8D}.Debug|Any CPU.Build.0 = Debug|Any CPU
		{58A2729B-FAC4-48A5-8A47-F714DBE36D8D}.Release|Any CPU.ActiveCfg = Release|Any CPU
		{58A2729B-FAC4-48A5-8A47-F714DBE36D8D}.Release|Any CPU.Build.0 = Release|Any CPU
	EndGlobalSection
	GlobalSection(SolutionProperties) = preSolution
		HideSolutionNode = FALSE
	EndGlobalSection
	GlobalSection(ExtensibilityGlobals) = postSolution
		SolutionGuid = {02DACE93-C1B5-481B-8B56-AD2D96E59E26}
	EndGlobalSection
EndGlobal
