
Microsoft Visual Studio Solution File, Format Version 12.00
# Visual Studio Version 17
VisualStudioVersion = 17.4.33213.308
MinimumVisualStudioVersion = 10.0.40219.1
Project("{FAE04EC0-301F-11D3-BF4B-00C04F79EFBC}") = "LearnBasicGenericUnitOfWorkb01", "LearnBasicGenericUnitOfWorkb01\LearnBasicGenericUnitOfWorkb01.csproj", "{C24A57B3-2C7A-4927-9F1F-C2279DF0A183}"
EndProject
Global
	GlobalSection(SolutionConfigurationPlatforms) = preSolution
		Debug|Any CPU = Debug|Any CPU
		Release|Any CPU = Release|Any CPU
	EndGlobalSection
	GlobalSection(ProjectConfigurationPlatforms) = postSolution
		{C24A57B3-2C7A-4927-9F1F-C2279DF0A183}.Debug|Any CPU.ActiveCfg = Debug|Any CPU
		{C24A57B3-2C7A-4927-9F1F-C2279DF0A183}.Debug|Any CPU.Build.0 = Debug|Any CPU
		{C24A57B3-2C7A-4927-9F1F-C2279DF0A183}.Release|Any CPU.ActiveCfg = Release|Any CPU
		{C24A57B3-2C7A-4927-9F1F-C2279DF0A183}.Release|Any CPU.Build.0 = Release|Any CPU
	EndGlobalSection
	GlobalSection(SolutionProperties) = preSolution
		HideSolutionNode = FALSE
	EndGlobalSection
	GlobalSection(ExtensibilityGlobals) = postSolution
		SolutionGuid = {8937E0B4-F487-49FB-B390-D11A9F6A13BC}
	EndGlobalSection
EndGlobal
