
Microsoft Visual Studio Solution File, Format Version 12.00
# Visual Studio Version 17
VisualStudioVersion = 17.4.33213.308
MinimumVisualStudioVersion = 10.0.40219.1
Project("{FAE04EC0-301F-11D3-BF4B-00C04F79EFBC}") = "LearnBasRazorPageB01", "LearnBasRazorPageB01\LearnBasRazorPageB01.csproj", "{7DC4EC26-FE4E-486E-958C-0C2E0C9AFF4B}"
EndProject
Global
	GlobalSection(SolutionConfigurationPlatforms) = preSolution
		Debug|Any CPU = Debug|Any CPU
		Release|Any CPU = Release|Any CPU
	EndGlobalSection
	GlobalSection(ProjectConfigurationPlatforms) = postSolution
		{7DC4EC26-FE4E-486E-958C-0C2E0C9AFF4B}.Debug|Any CPU.ActiveCfg = Debug|Any CPU
		{7DC4EC26-FE4E-486E-958C-0C2E0C9AFF4B}.Debug|Any CPU.Build.0 = Debug|Any CPU
		{7DC4EC26-FE4E-486E-958C-0C2E0C9AFF4B}.Release|Any CPU.ActiveCfg = Release|Any CPU
		{7DC4EC26-FE4E-486E-958C-0C2E0C9AFF4B}.Release|Any CPU.Build.0 = Release|Any CPU
	EndGlobalSection
	GlobalSection(SolutionProperties) = preSolution
		HideSolutionNode = FALSE
	EndGlobalSection
	GlobalSection(ExtensibilityGlobals) = postSolution
		SolutionGuid = {EFFBC950-563E-442C-B9E9-C02844CC52FC}
	EndGlobalSection
EndGlobal
