
Microsoft Visual Studio Solution File, Format Version 12.00
# Visual Studio Version 17
VisualStudioVersion = 17.4.33205.214
MinimumVisualStudioVersion = 10.0.40219.1
Project("{FAE04EC0-301F-11D3-BF4B-00C04F79EFBC}") = "MinimalApis", "MinimalApis\MinimalApis.csproj", "{6EE36AC2-1297-4AA1-AB12-46F52AFCA0A9}"
EndProject
Global
	GlobalSection(SolutionConfigurationPlatforms) = preSolution
		Debug|Any CPU = Debug|Any CPU
		Release|Any CPU = Release|Any CPU
	EndGlobalSection
	GlobalSection(ProjectConfigurationPlatforms) = postSolution
		{6EE36AC2-1297-4AA1-AB12-46F52AFCA0A9}.Debug|Any CPU.ActiveCfg = Debug|Any CPU
		{6EE36AC2-1297-4AA1-AB12-46F52AFCA0A9}.Debug|Any CPU.Build.0 = Debug|Any CPU
		{6EE36AC2-1297-4AA1-AB12-46F52AFCA0A9}.Release|Any CPU.ActiveCfg = Release|Any CPU
		{6EE36AC2-1297-4AA1-AB12-46F52AFCA0A9}.Release|Any CPU.Build.0 = Release|Any CPU
	EndGlobalSection
	GlobalSection(SolutionProperties) = preSolution
		HideSolutionNode = FALSE
	EndGlobalSection
	GlobalSection(ExtensibilityGlobals) = postSolution
		SolutionGuid = {C758C5DB-F44D-40EB-977D-AC80B3156B5D}
	EndGlobalSection
EndGlobal
